
Microsoft Visual Studio Solution File, Format Version 12.00
# Visual Studio 15
VisualStudioVersion = 15.0.28010.2046
MinimumVisualStudioVersion = 10.0.40219.1
Project("{FAE04EC0-301F-11D3-BF4B-00C04F79EFBC}") = "SolarWinds.Api", "SolarWinds.Api\SolarWinds.Api.csproj", "{94BE0EA2-EE16-452A-A57E-5AC20EF4811D}"
EndProject
Project("{FAE04EC0-301F-11D3-BF4B-00C04F79EFBC}") = "SolarWinds.Api.Test", "SolarWinds.Api.Test\SolarWinds.Api.Test.csproj", "{300ABD68-F56A-489F-989F-4C15E3ADD6E2}"
EndProject
Project("{2150E333-8FDC-42A3-9474-1A3956D46DE8}") = "Solution Items", "Solution Items", "{3EC6952C-4C39-4DAC-8D90-D358A5B16B71}"
	ProjectSection(SolutionItems) = preProject
		.editorconfig = .editorconfig
		.gitignore = .gitignore
		en-GB_User.dic = en-GB_User.dic
		en_GB.aff = en_GB.aff
		en_GB.dic = en_GB.dic
		README.md = README.md
		SolarWinds.Api.sln.vsspell = SolarWinds.Api.sln.vsspell
		SolarWinds.ico = SolarWinds.ico
		SolarWindsLogo.jpg = SolarWindsLogo.jpg
	EndProjectSection
EndProject
Global
	GlobalSection(SolutionConfigurationPlatforms) = preSolution
		Debug|Any CPU = Debug|Any CPU
		Release|Any CPU = Release|Any CPU
	EndGlobalSection
	GlobalSection(ProjectConfigurationPlatforms) = postSolution
		{94BE0EA2-EE16-452A-A57E-5AC20EF4811D}.Debug|Any CPU.ActiveCfg = Debug|Any CPU
		{94BE0EA2-EE16-452A-A57E-5AC20EF4811D}.Debug|Any CPU.Build.0 = Debug|Any CPU
		{94BE0EA2-EE16-452A-A57E-5AC20EF4811D}.Release|Any CPU.ActiveCfg = Release|Any CPU
		{94BE0EA2-EE16-452A-A57E-5AC20EF4811D}.Release|Any CPU.Build.0 = Release|Any CPU
		{300ABD68-F56A-489F-989F-4C15E3ADD6E2}.Debug|Any CPU.ActiveCfg = Debug|Any CPU
		{300ABD68-F56A-489F-989F-4C15E3ADD6E2}.Debug|Any CPU.Build.0 = Debug|Any CPU
		{300ABD68-F56A-489F-989F-4C15E3ADD6E2}.Release|Any CPU.ActiveCfg = Release|Any CPU
		{300ABD68-F56A-489F-989F-4C15E3ADD6E2}.Release|Any CPU.Build.0 = Release|Any CPU
	EndGlobalSection
	GlobalSection(SolutionProperties) = preSolution
		HideSolutionNode = FALSE
	EndGlobalSection
	GlobalSection(ExtensibilityGlobals) = postSolution
		SolutionGuid = {326C5744-15DA-43B9-9A0C-B317C45D6DED}
	EndGlobalSection
EndGlobal
